Microsoft Visual Studio Solution File, Format Version 10.00
# Visual Studio 2008

Project("{B49F40EC-D3F3-24C3-2EEB-0F078ACBE93C}") = "Pongz3rv3r", "Pongz3rv3r.csproj", "{655A9BE8-B578-2674-FFAB-14C751F901D9}"
EndProject
Global
	GlobalSection(SolutionConfigurationPlatforms) = preSolution
		Debug|Any CPU = Debug|Any CPU
		Release|Any CPU = Release|Any CPU
	EndGlobalSection
	GlobalSection(ProjectConfigurationPlatforms) = postSolution
		{655A9BE8-B578-2674-FFAB-14C751F901D9}.Debug|Any CPU.ActiveCfg = Debug|Any CPU
		{655A9BE8-B578-2674-FFAB-14C751F901D9}.Debug|Any CPU.Build.0 = Debug|Any CPU
		{655A9BE8-B578-2674-FFAB-14C751F901D9}.Release|Any CPU.ActiveCfg = Release|Any CPU
		{655A9BE8-B578-2674-FFAB-14C751F901D9}.Release|Any CPU.Build.0 = Release|Any CPU
	EndGlobalSection
	GlobalSection(SolutionProperties) = preSolution
		HideSolutionNode = FALSE
	EndGlobalSection
EndGlobal
